
Microsoft Visual Studio Solution File, Format Version 12.00
# Visual Studio Version 17
VisualStudioVersion = 17.10.35027.167
MinimumVisualStudioVersion = 10.0.40219.1
Project("{FAE04EC0-301F-11D3-BF4B-00C04F79EFBC}") = "StopWatchLinks", "StopWatchLinks.csproj", "{D44C452C-A781-4A02-BCF7-1A86A16882BE}"
EndProject
Global
	GlobalSection(SolutionConfigurationPlatforms) = preSolution
		Debug|Any CPU = Debug|Any CPU
		Release|Any CPU = Release|Any CPU
	EndGlobalSection
	GlobalSection(ProjectConfigurationPlatforms) = postSolution
		{D44C452C-A781-4A02-BCF7-1A86A16882BE}.Debug|Any CPU.ActiveCfg = Debug|Any CPU
		{D44C452C-A781-4A02-BCF7-1A86A16882BE}.Debug|Any CPU.Build.0 = Debug|Any CPU
		{D44C452C-A781-4A02-BCF7-1A86A16882BE}.Release|Any CPU.ActiveCfg = Release|Any CPU
		{D44C452C-A781-4A02-BCF7-1A86A16882BE}.Release|Any CPU.Build.0 = Release|Any CPU
	EndGlobalSection
	GlobalSection(SolutionProperties) = preSolution
		HideSolutionNode = FALSE
	EndGlobalSection
	GlobalSection(ExtensibilityGlobals) = postSolution
		SolutionGuid = {91874B5B-DAB0-4C3E-8526-80DE50AF1E08}
	EndGlobalSection
EndGlobal
